
Microsoft Visual Studio Solution File, Format Version 12.00
# Visual Studio 15
VisualStudioVersion = 15.0.28307.329
MinimumVisualStudioVersion = 10.0.40219.1
Project("{8BC9CEB8-8B4A-11D0-8D11-00A0C91BC942}") = "worldwind-javafx-win", "worldwind-javafx-win.vcxproj", "{A2CE5B12-D189-4172-AFB2-8287AA5EC2F5}"
EndProject
Global
	GlobalSection(SolutionConfigurationPlatforms) = preSolution
		Debug|x64 = Debug|x64
		Release|x64 = Release|x64
	EndGlobalSection
	GlobalSection(ProjectConfigurationPlatforms) = postSolution
		{A2CE5B12-D189-4172-AFB2-8287AA5EC2F5}.Debug|x64.ActiveCfg = Debug|x64
		{A2CE5B12-D189-4172-AFB2-8287AA5EC2F5}.Debug|x64.Build.0 = Debug|x64
		{A2CE5B12-D189-4172-AFB2-8287AA5EC2F5}.Release|x64.ActiveCfg = Release|x64
		{A2CE5B12-D189-4172-AFB2-8287AA5EC2F5}.Release|x64.Build.0 = Release|x64
	EndGlobalSection
	GlobalSection(SolutionProperties) = preSolution
		HideSolutionNode = FALSE
	EndGlobalSection
	GlobalSection(ExtensibilityGlobals) = postSolution
		SolutionGuid = {035B999F-30A2-4176-B4AD-46A97E8698F3}
	EndGlobalSection
EndGlobal
